
Microsoft Visual Studio Solution File, Format Version 12.00
# Visual Studio 14
VisualStudioVersion = 14.0.22310.1
MinimumVisualStudioVersion = 10.0.40219.1
Project("{2150E333-8FDC-42A3-9474-1A3956D46DE8}") = "Engine", "Engine", "{E12900CF-F7CC-41E9-BC95-25005C978157}"
EndProject
Project("{2150E333-8FDC-42A3-9474-1A3956D46DE8}") = "Games", "Games", "{1A77D3FB-9A85-4C2F-846A-8A319643077C}"
EndProject
Project("{8BC9CEB8-8B4A-11D0-8D11-00A0C91BC942}") = "UE4", "Intermediate\ProjectFiles\UE4.vcxproj", "{0DA03880-64B5-4DC2-A716-5BDA53F95CDE}"
EndProject
Project("{8BC9CEB8-8B4A-11D0-8D11-00A0C91BC942}") = "SharpUnrealTest", "Intermediate\ProjectFiles\SharpUnrealTest.vcxproj", "{DFA6CEBA-4050-427D-8849-7D42888020C9}"
EndProject
Global
	GlobalSection(SolutionConfigurationPlatforms) = preSolution
		DebugGame Editor|HTML5 = DebugGame Editor|HTML5
		DebugGame Editor|Win32 = DebugGame Editor|Win32
		DebugGame Editor|Win64 = DebugGame Editor|Win64
		DebugGame|HTML5 = DebugGame|HTML5
		DebugGame|Win32 = DebugGame|Win32
		DebugGame|Win64 = DebugGame|Win64
		Development Editor|HTML5 = Development Editor|HTML5
		Development Editor|Win32 = Development Editor|Win32
		Development Editor|Win64 = Development Editor|Win64
		Development|HTML5 = Development|HTML5
		Development|Win32 = Development|Win32
		Development|Win64 = Development|Win64
		Shipping|HTML5 = Shipping|HTML5
		Shipping|Win32 = Shipping|Win32
		Shipping|Win64 = Shipping|Win64
	EndGlobalSection
	GlobalSection(ProjectConfigurationPlatforms) = postSolution
		{DFA6CEBA-4050-427D-8849-7D42888020C9}.DebugGame Editor|HTML5.ActiveCfg = HTML5_DebugGame_Editor|Win32
		{DFA6CEBA-4050-427D-8849-7D42888020C9}.DebugGame Editor|Win32.ActiveCfg = DebugGame_Editor|Win32
		{DFA6CEBA-4050-427D-8849-7D42888020C9}.DebugGame Editor|Win64.ActiveCfg = DebugGame_Editor|x64
		{DFA6CEBA-4050-427D-8849-7D42888020C9}.DebugGame Editor|Win64.Build.0 = DebugGame_Editor|x64
		{DFA6CEBA-4050-427D-8849-7D42888020C9}.DebugGame|HTML5.ActiveCfg = HTML5_DebugGame_Game|Win32
		{DFA6CEBA-4050-427D-8849-7D42888020C9}.DebugGame|HTML5.Build.0 = HTML5_DebugGame_Game|Win32
		{DFA6CEBA-4050-427D-8849-7D42888020C9}.DebugGame|Win32.ActiveCfg = DebugGame_Game|Win32
		{DFA6CEBA-4050-427D-8849-7D42888020C9}.DebugGame|Win32.Build.0 = DebugGame_Game|Win32
		{DFA6CEBA-4050-427D-8849-7D42888020C9}.DebugGame|Win64.ActiveCfg = DebugGame_Game|x64
		{DFA6CEBA-4050-427D-8849-7D42888020C9}.DebugGame|Win64.Build.0 = DebugGame_Game|x64
		{DFA6CEBA-4050-427D-8849-7D42888020C9}.Development Editor|HTML5.ActiveCfg = HTML5_Development_Editor|Win32
		{DFA6CEBA-4050-427D-8849-7D42888020C9}.Development Editor|Win32.ActiveCfg = Development_Editor|Win32
		{DFA6CEBA-4050-427D-8849-7D42888020C9}.Development Editor|Win64.ActiveCfg = Development_Editor|x64
		{DFA6CEBA-4050-427D-8849-7D42888020C9}.Development Editor|Win64.Build.0 = Development_Editor|x64
		{DFA6CEBA-4050-427D-8849-7D42888020C9}.Development|HTML5.ActiveCfg = HTML5_Development_Game|Win32
		{DFA6CEBA-4050-427D-8849-7D42888020C9}.Development|HTML5.Build.0 = HTML5_Development_Game|Win32
		{DFA6CEBA-4050-427D-8849-7D42888020C9}.Development|Win32.ActiveCfg = Development_Game|Win32
		{DFA6CEBA-4050-427D-8849-7D42888020C9}.Development|Win32.Build.0 = Development_Game|Win32
		{DFA6CEBA-4050-427D-8849-7D42888020C9}.Development|Win64.ActiveCfg = Development_Game|x64
		{DFA6CEBA-4050-427D-8849-7D42888020C9}.Development|Win64.Build.0 = Development_Game|x64
		{DFA6CEBA-4050-427D-8849-7D42888020C9}.Shipping|HTML5.ActiveCfg = HTML5_Shipping_Game|Win32
		{DFA6CEBA-4050-427D-8849-7D42888020C9}.Shipping|HTML5.Build.0 = HTML5_Shipping_Game|Win32
		{DFA6CEBA-4050-427D-8849-7D42888020C9}.Shipping|Win32.ActiveCfg = Shipping_Game|Win32
		{DFA6CEBA-4050-427D-8849-7D42888020C9}.Shipping|Win32.Build.0 = Shipping_Game|Win32
		{DFA6CEBA-4050-427D-8849-7D42888020C9}.Shipping|Win64.ActiveCfg = Shipping_Game|x64
		{DFA6CEBA-4050-427D-8849-7D42888020C9}.Shipping|Win64.Build.0 = Shipping_Game|x64
	EndGlobalSection
	GlobalSection(SolutionProperties) = preSolution
		HideSolutionNode = FALSE
	EndGlobalSection
	GlobalSection(NestedProjects) = preSolution
		{0DA03880-64B5-4DC2-A716-5BDA53F95CDE} = {E12900CF-F7CC-41E9-BC95-25005C978157}
		{DFA6CEBA-4050-427D-8849-7D42888020C9} = {1A77D3FB-9A85-4C2F-846A-8A319643077C}
	EndGlobalSection
EndGlobal
