
Microsoft Visual Studio Solution File, Format Version 12.00
# Visual Studio 14
VisualStudioVersion = 14.0.25420.1
MinimumVisualStudioVersion = 10.0.40219.1
Project("{2150E333-8FDC-42A3-9474-1A3956D46DE8}") = "Engine", "Engine", "{CE9CD93E-1540-4D4D-BD4B-DD827E29CF35}"
EndProject
Project("{2150E333-8FDC-42A3-9474-1A3956D46DE8}") = "Games", "Games", "{6A0041E3-4ABC-4C94-A9B6-A3ED20289683}"
EndProject
Project("{8BC9CEB8-8B4A-11D0-8D11-00A0C91BC942}") = "UE4", "Intermediate\ProjectFiles\UE4.vcxproj", "{08DDB221-049C-479F-96B9-67E9E08B32AA}"
EndProject
Project("{8BC9CEB8-8B4A-11D0-8D11-00A0C91BC942}") = "SharpUnrealTest", "Intermediate\ProjectFiles\SharpUnrealTest.vcxproj", "{6D3DEFF0-C3CA-4726-97E2-9E444DF63902}"
EndProject
Global
	GlobalSection(SolutionConfigurationPlatforms) = preSolution
		DebugGame Editor|HTML5 = DebugGame Editor|HTML5
		DebugGame Editor|Win32 = DebugGame Editor|Win32
		DebugGame Editor|Win64 = DebugGame Editor|Win64
		DebugGame|HTML5 = DebugGame|HTML5
		DebugGame|Win32 = DebugGame|Win32
		DebugGame|Win64 = DebugGame|Win64
		Development Editor|HTML5 = Development Editor|HTML5
		Development Editor|Win32 = Development Editor|Win32
		Development Editor|Win64 = Development Editor|Win64
		Development|HTML5 = Development|HTML5
		Development|Win32 = Development|Win32
		Development|Win64 = Development|Win64
		Shipping|HTML5 = Shipping|HTML5
		Shipping|Win32 = Shipping|Win32
		Shipping|Win64 = Shipping|Win64
	EndGlobalSection
	GlobalSection(ProjectConfigurationPlatforms) = postSolution
		{08DDB221-049C-479F-96B9-67E9E08B32AA}.DebugGame Editor|HTML5.ActiveCfg = BuiltWithUnrealBuildTool|Win32
		{08DDB221-049C-479F-96B9-67E9E08B32AA}.DebugGame Editor|HTML5.Build.0 = BuiltWithUnrealBuildTool|Win32
		{08DDB221-049C-479F-96B9-67E9E08B32AA}.DebugGame Editor|Win32.ActiveCfg = BuiltWithUnrealBuildTool|Win32
		{08DDB221-049C-479F-96B9-67E9E08B32AA}.DebugGame Editor|Win32.Build.0 = BuiltWithUnrealBuildTool|Win32
		{08DDB221-049C-479F-96B9-67E9E08B32AA}.DebugGame Editor|Win64.ActiveCfg = BuiltWithUnrealBuildTool|Win32
		{08DDB221-049C-479F-96B9-67E9E08B32AA}.DebugGame Editor|Win64.Build.0 = BuiltWithUnrealBuildTool|Win32
		{08DDB221-049C-479F-96B9-67E9E08B32AA}.DebugGame|HTML5.ActiveCfg = BuiltWithUnrealBuildTool|Win32
		{08DDB221-049C-479F-96B9-67E9E08B32AA}.DebugGame|HTML5.Build.0 = BuiltWithUnrealBuildTool|Win32
		{08DDB221-049C-479F-96B9-67E9E08B32AA}.DebugGame|Win32.ActiveCfg = BuiltWithUnrealBuildTool|Win32
		{08DDB221-049C-479F-96B9-67E9E08B32AA}.DebugGame|Win32.Build.0 = BuiltWithUnrealBuildTool|Win32
		{08DDB221-049C-479F-96B9-67E9E08B32AA}.DebugGame|Win64.ActiveCfg = BuiltWithUnrealBuildTool|Win32
		{08DDB221-049C-479F-96B9-67E9E08B32AA}.DebugGame|Win64.Build.0 = BuiltWithUnrealBuildTool|Win32
		{08DDB221-049C-479F-96B9-67E9E08B32AA}.Development Editor|HTML5.ActiveCfg = BuiltWithUnrealBuildTool|Win32
		{08DDB221-049C-479F-96B9-67E9E08B32AA}.Development Editor|HTML5.Build.0 = BuiltWithUnrealBuildTool|Win32
		{08DDB221-049C-479F-96B9-67E9E08B32AA}.Development Editor|Win32.ActiveCfg = BuiltWithUnrealBuildTool|Win32
		{08DDB221-049C-479F-96B9-67E9E08B32AA}.Development Editor|Win32.Build.0 = BuiltWithUnrealBuildTool|Win32
		{08DDB221-049C-479F-96B9-67E9E08B32AA}.Development Editor|Win64.ActiveCfg = BuiltWithUnrealBuildTool|Win32
		{08DDB221-049C-479F-96B9-67E9E08B32AA}.Development Editor|Win64.Build.0 = BuiltWithUnrealBuildTool|Win32
		{08DDB221-049C-479F-96B9-67E9E08B32AA}.Development|HTML5.ActiveCfg = BuiltWithUnrealBuildTool|Win32
		{08DDB221-049C-479F-96B9-67E9E08B32AA}.Development|HTML5.Build.0 = BuiltWithUnrealBuildTool|Win32
		{08DDB221-049C-479F-96B9-67E9E08B32AA}.Development|Win32.ActiveCfg = BuiltWithUnrealBuildTool|Win32
		{08DDB221-049C-479F-96B9-67E9E08B32AA}.Development|Win32.Build.0 = BuiltWithUnrealBuildTool|Win32
		{08DDB221-049C-479F-96B9-67E9E08B32AA}.Development|Win64.ActiveCfg = BuiltWithUnrealBuildTool|Win32
		{08DDB221-049C-479F-96B9-67E9E08B32AA}.Development|Win64.Build.0 = BuiltWithUnrealBuildTool|Win32
		{08DDB221-049C-479F-96B9-67E9E08B32AA}.Shipping|HTML5.ActiveCfg = BuiltWithUnrealBuildTool|Win32
		{08DDB221-049C-479F-96B9-67E9E08B32AA}.Shipping|HTML5.Build.0 = BuiltWithUnrealBuildTool|Win32
		{08DDB221-049C-479F-96B9-67E9E08B32AA}.Shipping|Win32.ActiveCfg = BuiltWithUnrealBuildTool|Win32
		{08DDB221-049C-479F-96B9-67E9E08B32AA}.Shipping|Win32.Build.0 = BuiltWithUnrealBuildTool|Win32
		{08DDB221-049C-479F-96B9-67E9E08B32AA}.Shipping|Win64.ActiveCfg = BuiltWithUnrealBuildTool|Win32
		{08DDB221-049C-479F-96B9-67E9E08B32AA}.Shipping|Win64.Build.0 = BuiltWithUnrealBuildTool|Win32
		{6D3DEFF0-C3CA-4726-97E2-9E444DF63902}.DebugGame Editor|HTML5.ActiveCfg = HTML5_DebugGame_Editor|Win32
		{6D3DEFF0-C3CA-4726-97E2-9E444DF63902}.DebugGame Editor|Win32.ActiveCfg = DebugGame_Editor|Win32
		{6D3DEFF0-C3CA-4726-97E2-9E444DF63902}.DebugGame Editor|Win64.ActiveCfg = DebugGame_Editor|x64
		{6D3DEFF0-C3CA-4726-97E2-9E444DF63902}.DebugGame Editor|Win64.Build.0 = DebugGame_Editor|x64
		{6D3DEFF0-C3CA-4726-97E2-9E444DF63902}.DebugGame|HTML5.ActiveCfg = HTML5_DebugGame_Game|Win32
		{6D3DEFF0-C3CA-4726-97E2-9E444DF63902}.DebugGame|HTML5.Build.0 = HTML5_DebugGame_Game|Win32
		{6D3DEFF0-C3CA-4726-97E2-9E444DF63902}.DebugGame|Win32.ActiveCfg = DebugGame_Game|Win32
		{6D3DEFF0-C3CA-4726-97E2-9E444DF63902}.DebugGame|Win32.Build.0 = DebugGame_Game|Win32
		{6D3DEFF0-C3CA-4726-97E2-9E444DF63902}.DebugGame|Win64.ActiveCfg = DebugGame_Game|x64
		{6D3DEFF0-C3CA-4726-97E2-9E444DF63902}.DebugGame|Win64.Build.0 = DebugGame_Game|x64
		{6D3DEFF0-C3CA-4726-97E2-9E444DF63902}.Development Editor|HTML5.ActiveCfg = HTML5_Development_Editor|Win32
		{6D3DEFF0-C3CA-4726-97E2-9E444DF63902}.Development Editor|Win32.ActiveCfg = Development_Editor|Win32
		{6D3DEFF0-C3CA-4726-97E2-9E444DF63902}.Development Editor|Win64.ActiveCfg = Development_Editor|x64
		{6D3DEFF0-C3CA-4726-97E2-9E444DF63902}.Development Editor|Win64.Build.0 = Development_Editor|x64
		{6D3DEFF0-C3CA-4726-97E2-9E444DF63902}.Development|HTML5.ActiveCfg = HTML5_Development_Game|Win32
		{6D3DEFF0-C3CA-4726-97E2-9E444DF63902}.Development|HTML5.Build.0 = HTML5_Development_Game|Win32
		{6D3DEFF0-C3CA-4726-97E2-9E444DF63902}.Development|Win32.ActiveCfg = Development_Game|Win32
		{6D3DEFF0-C3CA-4726-97E2-9E444DF63902}.Development|Win32.Build.0 = Development_Game|Win32
		{6D3DEFF0-C3CA-4726-97E2-9E444DF63902}.Development|Win64.ActiveCfg = Development_Game|x64
		{6D3DEFF0-C3CA-4726-97E2-9E444DF63902}.Development|Win64.Build.0 = Development_Game|x64
		{6D3DEFF0-C3CA-4726-97E2-9E444DF63902}.Shipping|HTML5.ActiveCfg = HTML5_Shipping_Game|Win32
		{6D3DEFF0-C3CA-4726-97E2-9E444DF63902}.Shipping|HTML5.Build.0 = HTML5_Shipping_Game|Win32
		{6D3DEFF0-C3CA-4726-97E2-9E444DF63902}.Shipping|Win32.ActiveCfg = Shipping_Game|Win32
		{6D3DEFF0-C3CA-4726-97E2-9E444DF63902}.Shipping|Win32.Build.0 = Shipping_Game|Win32
		{6D3DEFF0-C3CA-4726-97E2-9E444DF63902}.Shipping|Win64.ActiveCfg = Shipping_Game|x64
		{6D3DEFF0-C3CA-4726-97E2-9E444DF63902}.Shipping|Win64.Build.0 = Shipping_Game|x64
	EndGlobalSection
	GlobalSection(SolutionProperties) = preSolution
		HideSolutionNode = FALSE
	EndGlobalSection
	GlobalSection(NestedProjects) = preSolution
		{08DDB221-049C-479F-96B9-67E9E08B32AA} = {CE9CD93E-1540-4D4D-BD4B-DD827E29CF35}
		{6D3DEFF0-C3CA-4726-97E2-9E444DF63902} = {6A0041E3-4ABC-4C94-A9B6-A3ED20289683}
	EndGlobalSection
EndGlobal
