
Microsoft Visual Studio Solution File, Format Version 12.00
# Visual Studio 14
VisualStudioVersion = 14.0.25420.1
MinimumVisualStudioVersion = 10.0.40219.1
Project("{2150E333-8FDC-42A3-9474-1A3956D46DE8}") = "Engine", "Engine", "{3E73321F-4D78-4AE6-86C9-2BE2EAB9D107}"
EndProject
Project("{2150E333-8FDC-42A3-9474-1A3956D46DE8}") = "Games", "Games", "{DDB9BF1E-56FA-4FC0-B08A-DD47A3E19B15}"
EndProject
Project("{8BC9CEB8-8B4A-11D0-8D11-00A0C91BC942}") = "UE4", "Intermediate\ProjectFiles\UE4.vcxproj", "{932ACA87-E690-43FE-87DA-008A9A3E19DE}"
EndProject
Project("{8BC9CEB8-8B4A-11D0-8D11-00A0C91BC942}") = "SharpUnrealTest", "Intermediate\ProjectFiles\SharpUnrealTest.vcxproj", "{8AE22484-6B61-4D35-9CF5-6155EAD3EA6C}"
EndProject
Global
	GlobalSection(SolutionConfigurationPlatforms) = preSolution
		DebugGame Editor|HTML5 = DebugGame Editor|HTML5
		DebugGame Editor|Win32 = DebugGame Editor|Win32
		DebugGame Editor|Win64 = DebugGame Editor|Win64
		DebugGame|HTML5 = DebugGame|HTML5
		DebugGame|Win32 = DebugGame|Win32
		DebugGame|Win64 = DebugGame|Win64
		Development Editor|HTML5 = Development Editor|HTML5
		Development Editor|Win32 = Development Editor|Win32
		Development Editor|Win64 = Development Editor|Win64
		Development|HTML5 = Development|HTML5
		Development|Win32 = Development|Win32
		Development|Win64 = Development|Win64
		Shipping|HTML5 = Shipping|HTML5
		Shipping|Win32 = Shipping|Win32
		Shipping|Win64 = Shipping|Win64
	EndGlobalSection
	GlobalSection(ProjectConfigurationPlatforms) = postSolution
		{932ACA87-E690-43FE-87DA-008A9A3E19DE}.DebugGame Editor|HTML5.ActiveCfg = BuiltWithUnrealBuildTool|Win32
		{932ACA87-E690-43FE-87DA-008A9A3E19DE}.DebugGame Editor|HTML5.Build.0 = BuiltWithUnrealBuildTool|Win32
		{932ACA87-E690-43FE-87DA-008A9A3E19DE}.DebugGame Editor|Win32.ActiveCfg = BuiltWithUnrealBuildTool|Win32
		{932ACA87-E690-43FE-87DA-008A9A3E19DE}.DebugGame Editor|Win32.Build.0 = BuiltWithUnrealBuildTool|Win32
		{932ACA87-E690-43FE-87DA-008A9A3E19DE}.DebugGame Editor|Win64.ActiveCfg = BuiltWithUnrealBuildTool|Win32
		{932ACA87-E690-43FE-87DA-008A9A3E19DE}.DebugGame Editor|Win64.Build.0 = BuiltWithUnrealBuildTool|Win32
		{932ACA87-E690-43FE-87DA-008A9A3E19DE}.DebugGame|HTML5.ActiveCfg = BuiltWithUnrealBuildTool|Win32
		{932ACA87-E690-43FE-87DA-008A9A3E19DE}.DebugGame|HTML5.Build.0 = BuiltWithUnrealBuildTool|Win32
		{932ACA87-E690-43FE-87DA-008A9A3E19DE}.DebugGame|Win32.ActiveCfg = BuiltWithUnrealBuildTool|Win32
		{932ACA87-E690-43FE-87DA-008A9A3E19DE}.DebugGame|Win32.Build.0 = BuiltWithUnrealBuildTool|Win32
		{932ACA87-E690-43FE-87DA-008A9A3E19DE}.DebugGame|Win64.ActiveCfg = BuiltWithUnrealBuildTool|Win32
		{932ACA87-E690-43FE-87DA-008A9A3E19DE}.DebugGame|Win64.Build.0 = BuiltWithUnrealBuildTool|Win32
		{932ACA87-E690-43FE-87DA-008A9A3E19DE}.Development Editor|HTML5.ActiveCfg = BuiltWithUnrealBuildTool|Win32
		{932ACA87-E690-43FE-87DA-008A9A3E19DE}.Development Editor|HTML5.Build.0 = BuiltWithUnrealBuildTool|Win32
		{932ACA87-E690-43FE-87DA-008A9A3E19DE}.Development Editor|Win32.ActiveCfg = BuiltWithUnrealBuildTool|Win32
		{932ACA87-E690-43FE-87DA-008A9A3E19DE}.Development Editor|Win32.Build.0 = BuiltWithUnrealBuildTool|Win32
		{932ACA87-E690-43FE-87DA-008A9A3E19DE}.Development Editor|Win64.ActiveCfg = BuiltWithUnrealBuildTool|Win32
		{932ACA87-E690-43FE-87DA-008A9A3E19DE}.Development Editor|Win64.Build.0 = BuiltWithUnrealBuildTool|Win32
		{932ACA87-E690-43FE-87DA-008A9A3E19DE}.Development|HTML5.ActiveCfg = BuiltWithUnrealBuildTool|Win32
		{932ACA87-E690-43FE-87DA-008A9A3E19DE}.Development|HTML5.Build.0 = BuiltWithUnrealBuildTool|Win32
		{932ACA87-E690-43FE-87DA-008A9A3E19DE}.Development|Win32.ActiveCfg = BuiltWithUnrealBuildTool|Win32
		{932ACA87-E690-43FE-87DA-008A9A3E19DE}.Development|Win32.Build.0 = BuiltWithUnrealBuildTool|Win32
		{932ACA87-E690-43FE-87DA-008A9A3E19DE}.Development|Win64.ActiveCfg = BuiltWithUnrealBuildTool|Win32
		{932ACA87-E690-43FE-87DA-008A9A3E19DE}.Development|Win64.Build.0 = BuiltWithUnrealBuildTool|Win32
		{932ACA87-E690-43FE-87DA-008A9A3E19DE}.Shipping|HTML5.ActiveCfg = BuiltWithUnrealBuildTool|Win32
		{932ACA87-E690-43FE-87DA-008A9A3E19DE}.Shipping|HTML5.Build.0 = BuiltWithUnrealBuildTool|Win32
		{932ACA87-E690-43FE-87DA-008A9A3E19DE}.Shipping|Win32.ActiveCfg = BuiltWithUnrealBuildTool|Win32
		{932ACA87-E690-43FE-87DA-008A9A3E19DE}.Shipping|Win32.Build.0 = BuiltWithUnrealBuildTool|Win32
		{932ACA87-E690-43FE-87DA-008A9A3E19DE}.Shipping|Win64.ActiveCfg = BuiltWithUnrealBuildTool|Win32
		{932ACA87-E690-43FE-87DA-008A9A3E19DE}.Shipping|Win64.Build.0 = BuiltWithUnrealBuildTool|Win32
		{8AE22484-6B61-4D35-9CF5-6155EAD3EA6C}.DebugGame Editor|HTML5.ActiveCfg = HTML5_DebugGame_Editor|Win32
		{8AE22484-6B61-4D35-9CF5-6155EAD3EA6C}.DebugGame Editor|Win32.ActiveCfg = DebugGame_Editor|Win32
		{8AE22484-6B61-4D35-9CF5-6155EAD3EA6C}.DebugGame Editor|Win64.ActiveCfg = DebugGame_Editor|x64
		{8AE22484-6B61-4D35-9CF5-6155EAD3EA6C}.DebugGame Editor|Win64.Build.0 = DebugGame_Editor|x64
		{8AE22484-6B61-4D35-9CF5-6155EAD3EA6C}.DebugGame|HTML5.ActiveCfg = HTML5_DebugGame_Game|Win32
		{8AE22484-6B61-4D35-9CF5-6155EAD3EA6C}.DebugGame|HTML5.Build.0 = HTML5_DebugGame_Game|Win32
		{8AE22484-6B61-4D35-9CF5-6155EAD3EA6C}.DebugGame|Win32.ActiveCfg = DebugGame_Game|Win32
		{8AE22484-6B61-4D35-9CF5-6155EAD3EA6C}.DebugGame|Win32.Build.0 = DebugGame_Game|Win32
		{8AE22484-6B61-4D35-9CF5-6155EAD3EA6C}.DebugGame|Win64.ActiveCfg = DebugGame_Game|x64
		{8AE22484-6B61-4D35-9CF5-6155EAD3EA6C}.DebugGame|Win64.Build.0 = DebugGame_Game|x64
		{8AE22484-6B61-4D35-9CF5-6155EAD3EA6C}.Development Editor|HTML5.ActiveCfg = HTML5_Development_Editor|Win32
		{8AE22484-6B61-4D35-9CF5-6155EAD3EA6C}.Development Editor|Win32.ActiveCfg = Development_Editor|Win32
		{8AE22484-6B61-4D35-9CF5-6155EAD3EA6C}.Development Editor|Win64.ActiveCfg = Development_Editor|x64
		{8AE22484-6B61-4D35-9CF5-6155EAD3EA6C}.Development Editor|Win64.Build.0 = Development_Editor|x64
		{8AE22484-6B61-4D35-9CF5-6155EAD3EA6C}.Development|HTML5.ActiveCfg = HTML5_Development_Game|Win32
		{8AE22484-6B61-4D35-9CF5-6155EAD3EA6C}.Development|HTML5.Build.0 = HTML5_Development_Game|Win32
		{8AE22484-6B61-4D35-9CF5-6155EAD3EA6C}.Development|Win32.ActiveCfg = Development_Game|Win32
		{8AE22484-6B61-4D35-9CF5-6155EAD3EA6C}.Development|Win32.Build.0 = Development_Game|Win32
		{8AE22484-6B61-4D35-9CF5-6155EAD3EA6C}.Development|Win64.ActiveCfg = Development_Game|x64
		{8AE22484-6B61-4D35-9CF5-6155EAD3EA6C}.Development|Win64.Build.0 = Development_Game|x64
		{8AE22484-6B61-4D35-9CF5-6155EAD3EA6C}.Shipping|HTML5.ActiveCfg = HTML5_Shipping_Game|Win32
		{8AE22484-6B61-4D35-9CF5-6155EAD3EA6C}.Shipping|HTML5.Build.0 = HTML5_Shipping_Game|Win32
		{8AE22484-6B61-4D35-9CF5-6155EAD3EA6C}.Shipping|Win32.ActiveCfg = Shipping_Game|Win32
		{8AE22484-6B61-4D35-9CF5-6155EAD3EA6C}.Shipping|Win32.Build.0 = Shipping_Game|Win32
		{8AE22484-6B61-4D35-9CF5-6155EAD3EA6C}.Shipping|Win64.ActiveCfg = Shipping_Game|x64
		{8AE22484-6B61-4D35-9CF5-6155EAD3EA6C}.Shipping|Win64.Build.0 = Shipping_Game|x64
	EndGlobalSection
	GlobalSection(SolutionProperties) = preSolution
		HideSolutionNode = FALSE
	EndGlobalSection
	GlobalSection(NestedProjects) = preSolution
		{932ACA87-E690-43FE-87DA-008A9A3E19DE} = {3E73321F-4D78-4AE6-86C9-2BE2EAB9D107}
		{8AE22484-6B61-4D35-9CF5-6155EAD3EA6C} = {DDB9BF1E-56FA-4FC0-B08A-DD47A3E19B15}
	EndGlobalSection
EndGlobal
