
Microsoft Visual Studio Solution File, Format Version 12.00
# Visual Studio 14
VisualStudioVersion = 14.0.25420.1
MinimumVisualStudioVersion = 10.0.40219.1
Project("{FAE04EC0-301F-11D3-BF4B-00C04F79EFBC}") = "MainAssembly", "MainAssembly\MainAssembly.csproj", "{37382A0B-006F-4399-84AC-87C7EEDAECAF}"
EndProject
Project("{FAE04EC0-301F-11D3-BF4B-00C04F79EFBC}") = "UnrealEngine", "..\..\SharpRuntime\UnrealEngine\UnrealEngine.csproj", "{22C0225F-243D-4A6A-B6E0-F14C6433CDF2}"
EndProject
Project("{FAE04EC0-301F-11D3-BF4B-00C04F79EFBC}") = "CodeGen", "..\..\SharpTool\CodeGen\CodeGen.csproj", "{AEA0C5D3-C509-416D-BC26-39888A97AE2E}"
EndProject
Global
	GlobalSection(SolutionConfigurationPlatforms) = preSolution
		Debug|Any CPU = Debug|Any CPU
		Release|Any CPU = Release|Any CPU
	EndGlobalSection
	GlobalSection(ProjectConfigurationPlatforms) = postSolution
		{37382A0B-006F-4399-84AC-87C7EEDAECAF}.Debug|Any CPU.ActiveCfg = Debug|Any CPU
		{37382A0B-006F-4399-84AC-87C7EEDAECAF}.Debug|Any CPU.Build.0 = Debug|Any CPU
		{37382A0B-006F-4399-84AC-87C7EEDAECAF}.Release|Any CPU.ActiveCfg = Release|Any CPU
		{37382A0B-006F-4399-84AC-87C7EEDAECAF}.Release|Any CPU.Build.0 = Release|Any CPU
		{22C0225F-243D-4A6A-B6E0-F14C6433CDF2}.Debug|Any CPU.ActiveCfg = Debug|Any CPU
		{22C0225F-243D-4A6A-B6E0-F14C6433CDF2}.Debug|Any CPU.Build.0 = Debug|Any CPU
		{22C0225F-243D-4A6A-B6E0-F14C6433CDF2}.Release|Any CPU.ActiveCfg = Release|Any CPU
		{22C0225F-243D-4A6A-B6E0-F14C6433CDF2}.Release|Any CPU.Build.0 = Release|Any CPU
		{AEA0C5D3-C509-416D-BC26-39888A97AE2E}.Debug|Any CPU.ActiveCfg = Debug|Any CPU
		{AEA0C5D3-C509-416D-BC26-39888A97AE2E}.Debug|Any CPU.Build.0 = Debug|Any CPU
		{AEA0C5D3-C509-416D-BC26-39888A97AE2E}.Release|Any CPU.ActiveCfg = Release|Any CPU
		{AEA0C5D3-C509-416D-BC26-39888A97AE2E}.Release|Any CPU.Build.0 = Release|Any CPU
	EndGlobalSection
	GlobalSection(SolutionProperties) = preSolution
		HideSolutionNode = FALSE
	EndGlobalSection
EndGlobal
